
Microsoft Visual Studio Solution File, Format Version 12.00
# Visual Studio Version 16
VisualStudioVersion = 16.0.30503.244
MinimumVisualStudioVersion = 10.0.40219.1
Project("{FAE04EC0-301F-11D3-BF4B-00C04F79EFBC}") = "Test", "TP4\Test.csproj", "{332C998E-C925-460D-9755-228E31995F9B}"
EndProject
Project("{FAE04EC0-301F-11D3-BF4B-00C04F79EFBC}") = "Entidades", "Entidades\Entidades.csproj", "{EDB24212-9306-4F70-8EC8-2BBC8977CD30}"
EndProject
Project("{FAE04EC0-301F-11D3-BF4B-00C04F79EFBC}") = "WindowsForms", "WindowsForms\WindowsForms.csproj", "{7F7BD519-194B-4EF6-B456-4E0FEBF4EA15}"
EndProject
Project("{FAE04EC0-301F-11D3-BF4B-00C04F79EFBC}") = "TestUnitario", "TestUnitario\TestUnitario.csproj", "{B95B6C88-56A7-486F-B700-6FFC783DB531}"
EndProject
Global
	GlobalSection(SolutionConfigurationPlatforms) = preSolution
		Debug|Any CPU = Debug|Any CPU
		Release|Any CPU = Release|Any CPU
	EndGlobalSection
	GlobalSection(ProjectConfigurationPlatforms) = postSolution
		{332C998E-C925-460D-9755-228E31995F9B}.Debug|Any CPU.ActiveCfg = Debug|Any CPU
		{332C998E-C925-460D-9755-228E31995F9B}.Debug|Any CPU.Build.0 = Debug|Any CPU
		{332C998E-C925-460D-9755-228E31995F9B}.Release|Any CPU.ActiveCfg = Release|Any CPU
		{332C998E-C925-460D-9755-228E31995F9B}.Release|Any CPU.Build.0 = Release|Any CPU
		{EDB24212-9306-4F70-8EC8-2BBC8977CD30}.Debug|Any CPU.ActiveCfg = Debug|Any CPU
		{EDB24212-9306-4F70-8EC8-2BBC8977CD30}.Debug|Any CPU.Build.0 = Debug|Any CPU
		{EDB24212-9306-4F70-8EC8-2BBC8977CD30}.Release|Any CPU.ActiveCfg = Release|Any CPU
		{EDB24212-9306-4F70-8EC8-2BBC8977CD30}.Release|Any CPU.Build.0 = Release|Any CPU
		{7F7BD519-194B-4EF6-B456-4E0FEBF4EA15}.Debug|Any CPU.ActiveCfg = Debug|Any CPU
		{7F7BD519-194B-4EF6-B456-4E0FEBF4EA15}.Debug|Any CPU.Build.0 = Debug|Any CPU
		{7F7BD519-194B-4EF6-B456-4E0FEBF4EA15}.Release|Any CPU.ActiveCfg = Release|Any CPU
		{7F7BD519-194B-4EF6-B456-4E0FEBF4EA15}.Release|Any CPU.Build.0 = Release|Any CPU
		{B95B6C88-56A7-486F-B700-6FFC783DB531}.Debug|Any CPU.ActiveCfg = Debug|Any CPU
		{B95B6C88-56A7-486F-B700-6FFC783DB531}.Debug|Any CPU.Build.0 = Debug|Any CPU
		{B95B6C88-56A7-486F-B700-6FFC783DB531}.Release|Any CPU.ActiveCfg = Release|Any CPU
		{B95B6C88-56A7-486F-B700-6FFC783DB531}.Release|Any CPU.Build.0 = Release|Any CPU
	EndGlobalSection
	GlobalSection(SolutionProperties) = preSolution
		HideSolutionNode = FALSE
	EndGlobalSection
	GlobalSection(ExtensibilityGlobals) = postSolution
		SolutionGuid = {23237213-C433-44B6-9888-9335BC7A8EE5}
	EndGlobalSection
EndGlobal
